
Microsoft Visual Studio Solution File, Format Version 12.00
# Visual Studio Version 17
VisualStudioVersion = 17.13.35931.197 d17.13
MinimumVisualStudioVersion = 10.0.40219.1
Project("{FAE04EC0-301F-11D3-BF4B-00C04F79EFBC}") = "TANE.Skabelon.Api", "TANE.Skabelon.Api.csproj", "{FC86F01A-E380-46CF-9C86-6174CBE1CDF7}"
EndProject
Global
	GlobalSection(SolutionConfigurationPlatforms) = preSolution
		Debug|Any CPU = Debug|Any CPU
		Release|Any CPU = Release|Any CPU
	EndGlobalSection
	GlobalSection(ProjectConfigurationPlatforms) = postSolution
		{FC86F01A-E380-46CF-9C86-6174CBE1CDF7}.Debug|Any CPU.ActiveCfg = Debug|Any CPU
		{FC86F01A-E380-46CF-9C86-6174CBE1CDF7}.Debug|Any CPU.Build.0 = Debug|Any CPU
		{FC86F01A-E380-46CF-9C86-6174CBE1CDF7}.Release|Any CPU.ActiveCfg = Release|Any CPU
		{FC86F01A-E380-46CF-9C86-6174CBE1CDF7}.Release|Any CPU.Build.0 = Release|Any CPU
	EndGlobalSection
	GlobalSection(SolutionProperties) = preSolution
		HideSolutionNode = FALSE
	EndGlobalSection
	GlobalSection(ExtensibilityGlobals) = postSolution
		SolutionGuid = {B35A2D7E-F8E2-4A2C-BF43-30B31E0DF505}
	EndGlobalSection
EndGlobal
